// !$*UTF8*$!
{
	archiveVersion = 1;
	classes = {
	};
	objectVersion = 48;
	objects = {

/* Begin PBXBuildFile section */
		0ED3C0102047D83E00572D27 /* AppDelegate.swift in Sources */ = {isa = PBXBuildFile; fileRef = 0ED3C00F2047D83E00572D27 /* AppDelegate.swift */; };
		0ED3C0122047D83E00572D27 /* CurrencyTableViewController.swift in Sources */ = {isa = PBXBuildFile; fileRef = 0ED3C0112047D83E00572D27 /* CurrencyTableViewController.swift */; };
		0ED3C0152047D83E00572D27 /* Main.storyboard in Resources */ = {isa = PBXBuildFile; fileRef = 0ED3C0132047D83E00572D27 /* Main.storyboard */; };
		0ED3C0172047D83E00572D27 /* Assets.xcassets in Resources */ = {isa = PBXBuildFile; fileRef = 0ED3C0162047D83E00572D27 /* Assets.xcassets */; };
		0ED3C01A2047D83E00572D27 /* LaunchScreen.storyboard in Resources */ = {isa = PBXBuildFile; fileRef = 0ED3C0182047D83E00572D27 /* LaunchScreen.storyboard */; };
		0ED3C0272047DE4E00572D27 /* CurrencyTableViewCell.swift in Sources */ = {isa = PBXBuildFile; fileRef = 0ED3C0262047DE4E00572D27 /* CurrencyTableViewCell.swift */; };
		0ED3C02A2047E40E00572D27 /* StockData.swift in Sources */ = {isa = PBXBuildFile; fileRef = 0ED3C0292047E40E00572D27 /* StockData.swift */; };
		0ED3C02D2047E58900572D27 /* DataManagerError.swift in Sources */ = {isa = PBXBuildFile; fileRef = 0ED3C02C2047E58900572D27 /* DataManagerError.swift */; };
		0ED3C02F2047E5E000572D27 /* SimpleDataManager.swift in Sources */ = {isa = PBXBuildFile; fileRef = 0ED3C02E2047E5E000572D27 /* SimpleDataManager.swift */; };
		0ED3C0312047E65F00572D27 /* UniversalDataManager.swift in Sources */ = {isa = PBXBuildFile; fileRef = 0ED3C0302047E65F00572D27 /* UniversalDataManager.swift */; };
		0ED3C0332047E72900572D27 /* CurrencyListViewModel.swift in Sources */ = {isa = PBXBuildFile; fileRef = 0ED3C0322047E72900572D27 /* CurrencyListViewModel.swift */; };
		0ED3C0352047E7B600572D27 /* CurrencyListItemViewModel.swift in Sources */ = {isa = PBXBuildFile; fileRef = 0ED3C0342047E7B600572D27 /* CurrencyListItemViewModel.swift */; };
		0ED3C0382047EE5500572D27 /* Configuration.swift in Sources */ = {isa = PBXBuildFile; fileRef = 0ED3C0372047EE5500572D27 /* Configuration.swift */; };
/* End PBXBuildFile section */

/* Begin PBXFileReference section */
		0ED3C00C2047D83E00572D27 /* CurrencyTrial.app */ = {isa = PBXFileReference; explicitFileType = wrapper.application; includeInIndex = 0; path = CurrencyTrial.app; sourceTree = BUILT_PRODUCTS_DIR; };
		0ED3C00F2047D83E00572D27 /* AppDelegate.swift */ = {isa = PBXFileReference; lastKnownFileType = sourcecode.swift; path = AppDelegate.swift; sourceTree = "<group>"; };
		0ED3C0112047D83E00572D27 /* CurrencyTableViewController.swift */ = {isa = PBXFileReference; lastKnownFileType = sourcecode.swift; path = CurrencyTableViewController.swift; sourceTree = "<group>"; };
		0ED3C0142047D83E00572D27 /* Base */ = {isa = PBXFileReference; lastKnownFileType = file.storyboard; name = Base; path = Base.lproj/Main.storyboard; sourceTree = "<group>"; };
		0ED3C0162047D83E00572D27 /* Assets.xcassets */ = {isa = PBXFileReference; lastKnownFileType = folder.assetcatalog; path = Assets.xcassets; sourceTree = "<group>"; };
		0ED3C0192047D83E00572D27 /* Base */ = {isa = PBXFileReference; lastKnownFileType = file.storyboard; name = Base; path = Base.lproj/LaunchScreen.storyboard; sourceTree = "<group>"; };
		0ED3C01B2047D83E00572D27 /* Info.plist */ = {isa = PBXFileReference; lastKnownFileType = text.plist.xml; path = Info.plist; sourceTree = "<group>"; };
		0ED3C0262047DE4E00572D27 /* CurrencyTableViewCell.swift */ = {isa = PBXFileReference; lastKnownFileType = sourcecode.swift; path = CurrencyTableViewCell.swift; sourceTree = "<group>"; };
		0ED3C0292047E40E00572D27 /* StockData.swift */ = {isa = PBXFileReference; lastKnownFileType = sourcecode.swift; path = StockData.swift; sourceTree = "<group>"; };
		0ED3C02C2047E58900572D27 /* DataManagerError.swift */ = {isa = PBXFileReference; lastKnownFileType = sourcecode.swift; path = DataManagerError.swift; sourceTree = "<group>"; };
		0ED3C02E2047E5E000572D27 /* SimpleDataManager.swift */ = {isa = PBXFileReference; lastKnownFileType = sourcecode.swift; path = SimpleDataManager.swift; sourceTree = "<group>"; };
		0ED3C0302047E65F00572D27 /* UniversalDataManager.swift */ = {isa = PBXFileReference; lastKnownFileType = sourcecode.swift; path = UniversalDataManager.swift; sourceTree = "<group>"; };
		0ED3C0322047E72900572D27 /* CurrencyListViewModel.swift */ = {isa = PBXFileReference; lastKnownFileType = sourcecode.swift; path = CurrencyListViewModel.swift; sourceTree = "<group>"; };
		0ED3C0342047E7B600572D27 /* CurrencyListItemViewModel.swift */ = {isa = PBXFileReference; lastKnownFileType = sourcecode.swift; path = CurrencyListItemViewModel.swift; sourceTree = "<group>"; };
		0ED3C0372047EE5500572D27 /* Configuration.swift */ = {isa = PBXFileReference; lastKnownFileType = sourcecode.swift; path = Configuration.swift; sourceTree = "<group>"; };
/* End PBXFileReference section */

/* Begin PBXFrameworksBuildPhase section */
		0ED3C0092047D83E00572D27 /* Frameworks */ = {
			isa = PBXFrameworksBuildPhase;
			buildActionMask = 2147483647;
			files = (
			);
			runOnlyForDeploymentPostprocessing = 0;
		};
/* End PBXFrameworksBuildPhase section */

/* Begin PBXGroup section */
		0ED3C0032047D83E00572D27 = {
			isa = PBXGroup;
			children = (
				0ED3C00E2047D83E00572D27 /* CurrencyTrial */,
				0ED3C00D2047D83E00572D27 /* Products */,
			);
			sourceTree = "<group>";
		};
		0ED3C00D2047D83E00572D27 /* Products */ = {
			isa = PBXGroup;
			children = (
				0ED3C00C2047D83E00572D27 /* CurrencyTrial.app */,
			);
			name = Products;
			sourceTree = "<group>";
		};
		0ED3C00E2047D83E00572D27 /* CurrencyTrial */ = {
			isa = PBXGroup;
			children = (
				0ED3C00F2047D83E00572D27 /* AppDelegate.swift */,
				0ED3C0162047D83E00572D27 /* Assets.xcassets */,
				0ED3C01B2047D83E00572D27 /* Info.plist */,
				0ED3C0362047EE3B00572D27 /* Configuration */,
				0ED3C02B2047E54400572D27 /* Data Managers */,
				0ED3C0282047E3EB00572D27 /* Model */,
				0ED3C0232047DDD200572D27 /* Storyboards */,
				0ED3C0212047DD8C00572D27 /* View Controllers */,
			);
			path = CurrencyTrial;
			sourceTree = "<group>";
		};
		0ED3C0212047DD8C00572D27 /* View Controllers */ = {
			isa = PBXGroup;
			children = (
				0ED3C0222047DDB200572D27 /* Currency Table */,
			);
			path = "View Controllers";
			sourceTree = "<group>";
		};
		0ED3C0222047DDB200572D27 /* Currency Table */ = {
			isa = PBXGroup;
			children = (
				0ED3C0112047D83E00572D27 /* CurrencyTableViewController.swift */,
				0ED3C0242047DDFF00572D27 /* View Models */,
				0ED3C0252047DE2000572D27 /* Cells */,
			);
			path = "Currency Table";
			sourceTree = "<group>";
		};
		0ED3C0232047DDD200572D27 /* Storyboards */ = {
			isa = PBXGroup;
			children = (
				0ED3C0132047D83E00572D27 /* Main.storyboard */,
				0ED3C0182047D83E00572D27 /* LaunchScreen.storyboard */,
			);
			path = Storyboards;
			sourceTree = "<group>";
		};
		0ED3C0242047DDFF00572D27 /* View Models */ = {
			isa = PBXGroup;
			children = (
				0ED3C0322047E72900572D27 /* CurrencyListViewModel.swift */,
				0ED3C0342047E7B600572D27 /* CurrencyListItemViewModel.swift */,
			);
			path = "View Models";
			sourceTree = "<group>";
		};
		0ED3C0252047DE2000572D27 /* Cells */ = {
			isa = PBXGroup;
			children = (
				0ED3C0262047DE4E00572D27 /* CurrencyTableViewCell.swift */,
			);
			path = Cells;
			sourceTree = "<group>";
		};
		0ED3C0282047E3EB00572D27 /* Model */ = {
			isa = PBXGroup;
			children = (
				0ED3C0292047E40E00572D27 /* StockData.swift */,
			);
			path = Model;
			sourceTree = "<group>";
		};
		0ED3C02B2047E54400572D27 /* Data Managers */ = {
			isa = PBXGroup;
			children = (
				0ED3C02C2047E58900572D27 /* DataManagerError.swift */,
				0ED3C02E2047E5E000572D27 /* SimpleDataManager.swift */,
				0ED3C0302047E65F00572D27 /* UniversalDataManager.swift */,
			);
			path = "Data Managers";
			sourceTree = "<group>";
		};
		0ED3C0362047EE3B00572D27 /* Configuration */ = {
			isa = PBXGroup;
			children = (
				0ED3C0372047EE5500572D27 /* Configuration.swift */,
			);
			path = Configuration;
			sourceTree = "<group>";
		};
/* End PBXGroup section */

/* Begin PBXNativeTarget section */
		0ED3C00B2047D83E00572D27 /* CurrencyTrial */ = {
			isa = PBXNativeTarget;
			buildConfigurationList = 0ED3C01E2047D83E00572D27 /* Build configuration list for PBXNativeTarget "CurrencyTrial" */;
			buildPhases = (
				0ED3C0082047D83E00572D27 /* Sources */,
				0ED3C0092047D83E00572D27 /* Frameworks */,
				0ED3C00A2047D83E00572D27 /* Resources */,
			);
			buildRules = (
			);
			dependencies = (
			);
			name = CurrencyTrial;
			productName = CurrencyTrial;
			productReference = 0ED3C00C2047D83E00572D27 /* CurrencyTrial.app */;
			productType = "com.apple.product-type.application";
		};
/* End PBXNativeTarget section */

/* Begin PBXProject section */
		0ED3C0042047D83E00572D27 /* Project object */ = {
			isa = PBXProject;
			attributes = {
				LastSwiftUpdateCheck = 0920;
				LastUpgradeCheck = 0920;
				ORGANIZATIONNAME = "Victor Hyde";
				TargetAttributes = {
					0ED3C00B2047D83E00572D27 = {
						CreatedOnToolsVersion = 9.2;
						ProvisioningStyle = Automatic;
					};
				};
			};
			buildConfigurationList = 0ED3C0072047D83E00572D27 /* Build configuration list for PBXProject "CurrencyTrial" */;
			compatibilityVersion = "Xcode 8.0";
			developmentRegion = en;
			hasScannedForEncodings = 0;
			knownRegions = (
				en,
				Base,
			);
			mainGroup = 0ED3C0032047D83E00572D27;
			productRefGroup = 0ED3C00D2047D83E00572D27 /* Products */;
			projectDirPath = "";
			projectRoot = "";
			targets = (
				0ED3C00B2047D83E00572D27 /* CurrencyTrial */,
			);
		};
/* End PBXProject section */

/* Begin PBXResourcesBuildPhase section */
		0ED3C00A2047D83E00572D27 /* Resources */ = {
			isa = PBXResourcesBuildPhase;
			buildActionMask = 2147483647;
			files = (
				0ED3C01A2047D83E00572D27 /* LaunchScreen.storyboard in Resources */,
				0ED3C0172047D83E00572D27 /* Assets.xcassets in Resources */,
				0ED3C0152047D83E00572D27 /* Main.storyboard in Resources */,
			);
			runOnlyForDeploymentPostprocessing = 0;
		};
/* End PBXResourcesBuildPhase section */

/* Begin PBXSourcesBuildPhase section */
		0ED3C0082047D83E00572D27 /* Sources */ = {
			isa = PBXSourcesBuildPhase;
			buildActionMask = 2147483647;
			files = (
				0ED3C02A2047E40E00572D27 /* StockData.swift in Sources */,
				0ED3C0332047E72900572D27 /* CurrencyListViewModel.swift in Sources */,
				0ED3C02F2047E5E000572D27 /* SimpleDataManager.swift in Sources */,
				0ED3C0312047E65F00572D27 /* UniversalDataManager.swift in Sources */,
				0ED3C0122047D83E00572D27 /* CurrencyTableViewController.swift in Sources */,
				0ED3C0352047E7B600572D27 /* CurrencyListItemViewModel.swift in Sources */,
				0ED3C0382047EE5500572D27 /* Configuration.swift in Sources */,
				0ED3C0272047DE4E00572D27 /* CurrencyTableViewCell.swift in Sources */,
				0ED3C0102047D83E00572D27 /* AppDelegate.swift in Sources */,
				0ED3C02D2047E58900572D27 /* DataManagerError.swift in Sources */,
			);
			runOnlyForDeploymentPostprocessing = 0;
		};
/* End PBXSourcesBuildPhase section */

/* Begin PBXVariantGroup section */
		0ED3C0132047D83E00572D27 /* Main.storyboard */ = {
			isa = PBXVariantGroup;
			children = (
				0ED3C0142047D83E00572D27 /* Base */,
			);
			name = Main.storyboard;
			sourceTree = "<group>";
		};
		0ED3C0182047D83E00572D27 /* LaunchScreen.storyboard */ = {
			isa = PBXVariantGroup;
			children = (
				0ED3C0192047D83E00572D27 /* Base */,
			);
			name = LaunchScreen.storyboard;
			sourceTree = "<group>";
		};
/* End PBXVariantGroup section */

/* Begin XCBuildConfiguration section */
		0ED3C01C2047D83E00572D27 /* Debug */ = {
			isa = XCBuildConfiguration;
			buildSettings = {
				ALWAYS_SEARCH_USER_PATHS = NO;
				CLANG_ANALYZER_NONNULL = YES;
				CLANG_ANALYZER_NUMBER_OBJECT_CONVERSION = YES_AGGRESSIVE;
				CLANG_CXX_LANGUAGE_STANDARD = "gnu++14";
				CLANG_CXX_LIBRARY = "libc++";
				CLANG_ENABLE_MODULES = YES;
				CLANG_ENABLE_OBJC_ARC = YES;
				CLANG_WARN_BLOCK_CAPTURE_AUTORELEASING = YES;
				CLANG_WARN_BOOL_CONVERSION = YES;
				CLANG_WARN_COMMA = YES;
				CLANG_WARN_CONSTANT_CONVERSION = YES;
				CLANG_WARN_DIRECT_OBJC_ISA_USAGE = YES_ERROR;
				CLANG_WARN_DOCUMENTATION_COMMENTS = YES;
				CLANG_WARN_EMPTY_BODY = YES;
				CLANG_WARN_ENUM_CONVERSION = YES;
				CLANG_WARN_INFINITE_RECURSION = YES;
				CLANG_WARN_INT_CONVERSION = YES;
				CLANG_WARN_NON_LITERAL_NULL_CONVERSION = YES;
				CLANG_WARN_OBJC_LITERAL_CONVERSION = YES;
				CLANG_WARN_OBJC_ROOT_CLASS = YES_ERROR;
				CLANG_WARN_RANGE_LOOP_ANALYSIS = YES;
				CLANG_WARN_STRICT_PROTOTYPES = YES;
				CLANG_WARN_SUSPICIOUS_MOVE = YES;
				CLANG_WARN_UNGUARDED_AVAILABILITY = YES_AGGRESSIVE;
				CLANG_WARN_UNREACHABLE_CODE = YES;
				CLANG_WARN__DUPLICATE_METHOD_MATCH = YES;
				CODE_SIGN_IDENTITY = "iPhone Developer";
				COPY_PHASE_STRIP = NO;
				DEBUG_INFORMATION_FORMAT = dwarf;
				ENABLE_STRICT_OBJC_MSGSEND = YES;
				ENABLE_TESTABILITY = YES;
				GCC_C_LANGUAGE_STANDARD = gnu11;
				GCC_DYNAMIC_NO_PIC = NO;
				GCC_NO_COMMON_BLOCKS = YES;
				GCC_OPTIMIZATION_LEVEL = 0;
				GCC_PREPROCESSOR_DEFINITIONS = (
					"DEBUG=1",
					"$(inherited)",
				);
				GCC_WARN_64_TO_32_BIT_CONVERSION = YES;
				GCC_WARN_ABOUT_RETURN_TYPE = YES_ERROR;
				GCC_WARN_UNDECLARED_SELECTOR = YES;
				GCC_WARN_UNINITIALIZED_AUTOS = YES_AGGRESSIVE;
				GCC_WARN_UNUSED_FUNCTION = YES;
				GCC_WARN_UNUSED_VARIABLE = YES;
				IPHONEOS_DEPLOYMENT_TARGET = 11.2;
				MTL_ENABLE_DEBUG_INFO = YES;
				ONLY_ACTIVE_ARCH = YES;
				SDKROOT = iphoneos;
				SWIFT_ACTIVE_COMPILATION_CONDITIONS = DEBUG;
				SWIFT_OPTIMIZATION_LEVEL = "-Onone";
			};
			name = Debug;
		};
		0ED3C01D2047D83E00572D27 /* Release */ = {
			isa = XCBuildConfiguration;
			buildSettings = {
				ALWAYS_SEARCH_USER_PATHS = NO;
				CLANG_ANALYZER_NONNULL = YES;
				CLANG_ANALYZER_NUMBER_OBJECT_CONVERSION = YES_AGGRESSIVE;
				CLANG_CXX_LANGUAGE_STANDARD = "gnu++14";
				CLANG_CXX_LIBRARY = "libc++";
				CLANG_ENABLE_MODULES = YES;
				CLANG_ENABLE_OBJC_ARC = YES;
				CLANG_WARN_BLOCK_CAPTURE_AUTORELEASING = YES;
				CLANG_WARN_BOOL_CONVERSION = YES;
				CLANG_WARN_COMMA = YES;
				CLANG_WARN_CONSTANT_CONVERSION = YES;
				CLANG_WARN_DIRECT_OBJC_ISA_USAGE = YES_ERROR;
				CLANG_WARN_DOCUMENTATION_COMMENTS = YES;
				CLANG_WARN_EMPTY_BODY = YES;
				CLANG_WARN_ENUM_CONVERSION = YES;
				CLANG_WARN_INFINITE_RECURSION = YES;
				CLANG_WARN_INT_CONVERSION = YES;
				CLANG_WARN_NON_LITERAL_NULL_CONVERSION = YES;
				CLANG_WARN_OBJC_LITERAL_CONVERSION = YES;
				CLANG_WARN_OBJC_ROOT_CLASS = YES_ERROR;
				CLANG_WARN_RANGE_LOOP_ANALYSIS = YES;
				CLANG_WARN_STRICT_PROTOTYPES = YES;
				CLANG_WARN_SUSPICIOUS_MOVE = YES;
				CLANG_WARN_UNGUARDED_AVAILABILITY = YES_AGGRESSIVE;
				CLANG_WARN_UNREACHABLE_CODE = YES;
				CLANG_WARN__DUPLICATE_METHOD_MATCH = YES;
				CODE_SIGN_IDENTITY = "iPhone Developer";
				COPY_PHASE_STRIP = NO;
				DEBUG_INFORMATION_FORMAT = "dwarf-with-dsym";
				ENABLE_NS_ASSERTIONS = NO;
				ENABLE_STRICT_OBJC_MSGSEND = YES;
				GCC_C_LANGUAGE_STANDARD = gnu11;
				GCC_NO_COMMON_BLOCKS = YES;
				GCC_WARN_64_TO_32_BIT_CONVERSION = YES;
				GCC_WARN_ABOUT_RETURN_TYPE = YES_ERROR;
				GCC_WARN_UNDECLARED_SELECTOR = YES;
				GCC_WARN_UNINITIALIZED_AUTOS = YES_AGGRESSIVE;
				GCC_WARN_UNUSED_FUNCTION = YES;
				GCC_WARN_UNUSED_VARIABLE = YES;
				IPHONEOS_DEPLOYMENT_TARGET = 11.2;
				MTL_ENABLE_DEBUG_INFO = NO;
				SDKROOT = iphoneos;
				SWIFT_OPTIMIZATION_LEVEL = "-Owholemodule";
				VALIDATE_PRODUCT = YES;
			};
			name = Release;
		};
		0ED3C01F2047D83E00572D27 /* Debug */ = {
			isa = XCBuildConfiguration;
			buildSettings = {
				ASSETCATALOG_COMPILER_APPICON_NAME = AppIcon;
				CODE_SIGN_STYLE = Automatic;
				DEVELOPMENT_TEAM = A786DV6943;
				INFOPLIST_FILE = CurrencyTrial/Info.plist;
				IPHONEOS_DEPLOYMENT_TARGET = 10.0;
				LD_RUNPATH_SEARCH_PATHS = "$(inherited) @executable_path/Frameworks";
				PRODUCT_BUNDLE_IDENTIFIER = ru.victorhyde.CurrencyTrial;
				PRODUCT_NAME = "$(TARGET_NAME)";
				SWIFT_VERSION = 4.0;
				TARGETED_DEVICE_FAMILY = 1;
			};
			name = Debug;
		};
		0ED3C0202047D83E00572D27 /* Release */ = {
			isa = XCBuildConfiguration;
			buildSettings = {
				ASSETCATALOG_COMPILER_APPICON_NAME = AppIcon;
				CODE_SIGN_STYLE = Automatic;
				DEVELOPMENT_TEAM = A786DV6943;
				INFOPLIST_FILE = CurrencyTrial/Info.plist;
				IPHONEOS_DEPLOYMENT_TARGET = 10.0;
				LD_RUNPATH_SEARCH_PATHS = "$(inherited) @executable_path/Frameworks";
				PRODUCT_BUNDLE_IDENTIFIER = ru.victorhyde.CurrencyTrial;
				PRODUCT_NAME = "$(TARGET_NAME)";
				SWIFT_VERSION = 4.0;
				TARGETED_DEVICE_FAMILY = 1;
			};
			name = Release;
		};
/* End XCBuildConfiguration section */

/* Begin XCConfigurationList section */
		0ED3C0072047D83E00572D27 /* Build configuration list for PBXProject "CurrencyTrial" */ = {
			isa = XCConfigurationList;
			buildConfigurations = (
				0ED3C01C2047D83E00572D27 /* Debug */,
				0ED3C01D2047D83E00572D27 /* Release */,
			);
			defaultConfigurationIsVisible = 0;
			defaultConfigurationName = Release;
		};
		0ED3C01E2047D83E00572D27 /* Build configuration list for PBXNativeTarget "CurrencyTrial" */ = {
			isa = XCConfigurationList;
			buildConfigurations = (
				0ED3C01F2047D83E00572D27 /* Debug */,
				0ED3C0202047D83E00572D27 /* Release */,
			);
			defaultConfigurationIsVisible = 0;
			defaultConfigurationName = Release;
		};
/* End XCConfigurationList section */
	};
	rootObject = 0ED3C0042047D83E00572D27 /* Project object */;
}
